
Microsoft Visual Studio Solution File, Format Version 12.00
# Visual Studio 15
VisualStudioVersion = 15.0.28010.2016
MinimumVisualStudioVersion = 10.0.40219.1
Project("{FAE04EC0-301F-11D3-BF4B-00C04F79EFBC}") = "ITLT.Data", "ITLT.Data\ITLT.Data.csproj", "{343811AE-903C-4627-8BEA-B1EBA97B9B7D}"
EndProject
Project("{FAE04EC0-301F-11D3-BF4B-00C04F79EFBC}") = "ITLT.ExtentionMethods", "ITLT.ExtentionMethods\ITLT.ExtentionMethods.csproj", "{5532FEBE-11AD-4475-ADD8-A7F5ED130DB4}"
EndProject
Project("{2150E333-8FDC-42A3-9474-1A3956D46DE8}") = "Testing", "Testing", "{C580A804-90D8-4F7C-AC65-381591E6B5DE}"
EndProject
Project("{FAE04EC0-301F-11D3-BF4B-00C04F79EFBC}") = "ITLT.Domain", "ITLT.Domain\ITLT.Domain.csproj", "{7DF66095-62DE-4665-AA79-44D64A57D29B}"
EndProject
Project("{FAE04EC0-301F-11D3-BF4B-00C04F79EFBC}") = "ITLT.DTO", "ITLT.DTO\ITLT.DTO.csproj", "{5B8BB545-871C-4EE5-AA50-2A7025C3F7FD}"
EndProject
Project("{FAE04EC0-301F-11D3-BF4B-00C04F79EFBC}") = "ITLT.UnitTests", "ITLT.UnitTests\ITLT.UnitTests.csproj", "{77832669-3F20-4787-897E-7E0F054B63BA}"
EndProject
Global
	GlobalSection(SolutionConfigurationPlatforms) = preSolution
		Debug|Any CPU = Debug|Any CPU
		Release|Any CPU = Release|Any CPU
	EndGlobalSection
	GlobalSection(ProjectConfigurationPlatforms) = postSolution
		{343811AE-903C-4627-8BEA-B1EBA97B9B7D}.Debug|Any CPU.ActiveCfg = Debug|Any CPU
		{343811AE-903C-4627-8BEA-B1EBA97B9B7D}.Debug|Any CPU.Build.0 = Debug|Any CPU
		{343811AE-903C-4627-8BEA-B1EBA97B9B7D}.Release|Any CPU.ActiveCfg = Release|Any CPU
		{343811AE-903C-4627-8BEA-B1EBA97B9B7D}.Release|Any CPU.Build.0 = Release|Any CPU
		{5532FEBE-11AD-4475-ADD8-A7F5ED130DB4}.Debug|Any CPU.ActiveCfg = Debug|Any CPU
		{5532FEBE-11AD-4475-ADD8-A7F5ED130DB4}.Debug|Any CPU.Build.0 = Debug|Any CPU
		{5532FEBE-11AD-4475-ADD8-A7F5ED130DB4}.Release|Any CPU.ActiveCfg = Release|Any CPU
		{5532FEBE-11AD-4475-ADD8-A7F5ED130DB4}.Release|Any CPU.Build.0 = Release|Any CPU
		{7DF66095-62DE-4665-AA79-44D64A57D29B}.Debug|Any CPU.ActiveCfg = Debug|Any CPU
		{7DF66095-62DE-4665-AA79-44D64A57D29B}.Debug|Any CPU.Build.0 = Debug|Any CPU
		{7DF66095-62DE-4665-AA79-44D64A57D29B}.Release|Any CPU.ActiveCfg = Release|Any CPU
		{7DF66095-62DE-4665-AA79-44D64A57D29B}.Release|Any CPU.Build.0 = Release|Any CPU
		{5B8BB545-871C-4EE5-AA50-2A7025C3F7FD}.Debug|Any CPU.ActiveCfg = Debug|Any CPU
		{5B8BB545-871C-4EE5-AA50-2A7025C3F7FD}.Debug|Any CPU.Build.0 = Debug|Any CPU
		{5B8BB545-871C-4EE5-AA50-2A7025C3F7FD}.Release|Any CPU.ActiveCfg = Release|Any CPU
		{5B8BB545-871C-4EE5-AA50-2A7025C3F7FD}.Release|Any CPU.Build.0 = Release|Any CPU
		{77832669-3F20-4787-897E-7E0F054B63BA}.Debug|Any CPU.ActiveCfg = Debug|Any CPU
		{77832669-3F20-4787-897E-7E0F054B63BA}.Debug|Any CPU.Build.0 = Debug|Any CPU
		{77832669-3F20-4787-897E-7E0F054B63BA}.Release|Any CPU.ActiveCfg = Release|Any CPU
		{77832669-3F20-4787-897E-7E0F054B63BA}.Release|Any CPU.Build.0 = Release|Any CPU
	EndGlobalSection
	GlobalSection(SolutionProperties) = preSolution
		HideSolutionNode = FALSE
	EndGlobalSection
	GlobalSection(NestedProjects) = preSolution
		{77832669-3F20-4787-897E-7E0F054B63BA} = {C580A804-90D8-4F7C-AC65-381591E6B5DE}
	EndGlobalSection
	GlobalSection(ExtensibilityGlobals) = postSolution
		SolutionGuid = {F899B682-00A4-49F4-9B74-829D63B94722}
	EndGlobalSection
EndGlobal
