
Microsoft Visual Studio Solution File, Format Version 12.00
# Visual Studio 15
VisualStudioVersion = 15.0.28010.2016
MinimumVisualStudioVersion = 10.0.40219.1
Project("{FAE04EC0-301F-11D3-BF4B-00C04F79EFBC}") = "ITLT.Data", "ITLT.Data\ITLT.Data.csproj", "{343811AE-903C-4627-8BEA-B1EBA97B9B7D}"
EndProject
Project("{FAE04EC0-301F-11D3-BF4B-00C04F79EFBC}") = "ITF.ExtentionMethods", "ITLT.ExtentionMethods\ITF.ExtentionMethods.csproj", "{5532FEBE-11AD-4475-ADD8-A7F5ED130DB4}"
EndProject
Global
	GlobalSection(SolutionConfigurationPlatforms) = preSolution
		Debug|Any CPU = Debug|Any CPU
		Release|Any CPU = Release|Any CPU
	EndGlobalSection
	GlobalSection(ProjectConfigurationPlatforms) = postSolution
		{343811AE-903C-4627-8BEA-B1EBA97B9B7D}.Debug|Any CPU.ActiveCfg = Debug|Any CPU
		{343811AE-903C-4627-8BEA-B1EBA97B9B7D}.Debug|Any CPU.Build.0 = Debug|Any CPU
		{343811AE-903C-4627-8BEA-B1EBA97B9B7D}.Release|Any CPU.ActiveCfg = Release|Any CPU
		{343811AE-903C-4627-8BEA-B1EBA97B9B7D}.Release|Any CPU.Build.0 = Release|Any CPU
		{5532FEBE-11AD-4475-ADD8-A7F5ED130DB4}.Debug|Any CPU.ActiveCfg = Debug|Any CPU
		{5532FEBE-11AD-4475-ADD8-A7F5ED130DB4}.Debug|Any CPU.Build.0 = Debug|Any CPU
		{5532FEBE-11AD-4475-ADD8-A7F5ED130DB4}.Release|Any CPU.ActiveCfg = Release|Any CPU
		{5532FEBE-11AD-4475-ADD8-A7F5ED130DB4}.Release|Any CPU.Build.0 = Release|Any CPU
	EndGlobalSection
	GlobalSection(SolutionProperties) = preSolution
		HideSolutionNode = FALSE
	EndGlobalSection
	GlobalSection(ExtensibilityGlobals) = postSolution
		SolutionGuid = {F899B682-00A4-49F4-9B74-829D63B94722}
	EndGlobalSection
EndGlobal
